// !$*UTF8*$!
{
	archiveVersion = 1;
	classes = {
	};
	objectVersion = 77;
	objects = {

/* Begin PBXBuildFile section */
		BDB912182F87A3E300513A89 /* NotificationsServiceExtension.appex in Embed Foundation Extensions */ = {isa = PBXBuildFile; fileRef = BDB912112F87A3E300513A89 /* NotificationsServiceExtension.appex */; settings = {ATTRIBUTES = (RemoveHeadersOnCopy, ); }; };
		BDB912252F87A5AB00513A89 /* UserNotifications.framework in Frameworks */ = {isa = PBXBuildFile; fileRef = BDB912242F87A5AB00513A89 /* UserNotifications.framework */; };
		BDB912272F87A5AB00513A89 /* UserNotificationsUI.framework in Frameworks */ = {isa = PBXBuildFile; fileRef = BDB912262F87A5AB00513A89 /* UserNotificationsUI.framework */; };
		BDB912312F87A5AB00513A89 /* NotificationsContentExtension.appex in Embed Foundation Extensions */ = {isa = PBXBuildFile; fileRef = BDB912222F87A5AB00513A89 /* NotificationsContentExtension.appex */; settings = {ATTRIBUTES = (RemoveHeadersOnCopy, ); }; };
/* End PBXBuildFile section */

/* Begin PBXContainerItemProxy section */
		BDB912162F87A3E300513A89 /* PBXContainerItemProxy */ = {
			isa = PBXContainerItemProxy;
			containerPortal = BDB911ED2F87A37100513A89 /* Project object */;
			proxyType = 1;
			remoteGlobalIDString = BDB912102F87A3E300513A89;
			remoteInfo = NotificationsServiceExtension;
		};
		BDB9122F2F87A5AB00513A89 /* PBXContainerItemProxy */ = {
			isa = PBXContainerItemProxy;
			containerPortal = BDB911ED2F87A37100513A89 /* Project object */;
			proxyType = 1;
			remoteGlobalIDString = BDB912212F87A5AB00513A89;
			remoteInfo = NotificationsContentExtension;
		};
/* End PBXContainerItemProxy section */

/* Begin PBXCopyFilesBuildPhase section */
		BDB9121D2F87A3E300513A89 /* Embed Foundation Extensions */ = {
			isa = PBXCopyFilesBuildPhase;
			buildActionMask = 2147483647;
			dstPath = "";
			dstSubfolderSpec = 13;
			files = (
				BDB912182F87A3E300513A89 /* NotificationsServiceExtension.appex in Embed Foundation Extensions */,
				BDB912312F87A5AB00513A89 /* NotificationsContentExtension.appex in Embed Foundation Extensions */,
			);
			name = "Embed Foundation Extensions";
			runOnlyForDeploymentPostprocessing = 0;
		};
/* End PBXCopyFilesBuildPhase section */

/* Begin PBXFileReference section */
		BDB911F52F87A37100513A89 /* PushNotificationsSample.app */ = {isa = PBXFileReference; explicitFileType = wrapper.application; includeInIndex = 0; path = PushNotificationsSample.app; sourceTree = BUILT_PRODUCTS_DIR; };
		BDB912112F87A3E300513A89 /* NotificationsServiceExtension.appex */ = {isa = PBXFileReference; explicitFileType = "wrapper.app-extension"; includeInIndex = 0; path = NotificationsServiceExtension.appex; sourceTree = BUILT_PRODUCTS_DIR; };
		BDB912222F87A5AB00513A89 /* NotificationsContentExtension.appex */ = {isa = PBXFileReference; explicitFileType = "wrapper.app-extension"; includeInIndex = 0; path = NotificationsContentExtension.appex; sourceTree = BUILT_PRODUCTS_DIR; };
		BDB912242F87A5AB00513A89 /* UserNotifications.framework */ = {isa = PBXFileReference; lastKnownFileType = wrapper.framework; name = UserNotifications.framework; path = System/Library/Frameworks/UserNotifications.framework; sourceTree = SDKROOT; };
		BDB912262F87A5AB00513A89 /* UserNotificationsUI.framework */ = {isa = PBXFileReference; lastKnownFileType = wrapper.framework; name = UserNotificationsUI.framework; path = System/Library/Frameworks/UserNotificationsUI.framework; sourceTree = SDKROOT; };
/* End PBXFileReference section */

/* Begin PBXFileSystemSynchronizedBuildFileExceptionSet section */
		BDB912072F87A37200513A89 /* Exceptions for "PushNotificationsSample" folder in "PushNotificationsSample" target */ = {
			isa = PBXFileSystemSynchronizedBuildFileExceptionSet;
			membershipExceptions = (
				Info.plist,
			);
			target = BDB911F42F87A37100513A89 /* PushNotificationsSample */;
		};
		BDB9121C2F87A3E300513A89 /* Exceptions for "NotificationsServiceExtension" folder in "NotificationsServiceExtension" target */ = {
			isa = PBXFileSystemSynchronizedBuildFileExceptionSet;
			membershipExceptions = (
				Info.plist,
			);
			target = BDB912102F87A3E300513A89 /* NotificationsServiceExtension */;
		};
		BDB912352F87A5AB00513A89 /* Exceptions for "NotificationsContentExtension" folder in "NotificationsContentExtension" target */ = {
			isa = PBXFileSystemSynchronizedBuildFileExceptionSet;
			membershipExceptions = (
				Info.plist,
			);
			target = BDB912212F87A5AB00513A89 /* NotificationsContentExtension */;
		};
/* End PBXFileSystemSynchronizedBuildFileExceptionSet section */

/* Begin PBXFileSystemSynchronizedRootGroup section */
		BDB911F72F87A37100513A89 /* PushNotificationsSample */ = {
			isa = PBXFileSystemSynchronizedRootGroup;
			exceptions = (
				BDB912072F87A37200513A89 /* Exceptions for "PushNotificationsSample" folder in "PushNotificationsSample" target */,
			);
			path = PushNotificationsSample;
			sourceTree = "<group>";
		};
		BDB912122F87A3E300513A89 /* NotificationsServiceExtension */ = {
			isa = PBXFileSystemSynchronizedRootGroup;
			exceptions = (
				BDB9121C2F87A3E300513A89 /* Exceptions for "NotificationsServiceExtension" folder in "NotificationsServiceExtension" target */,
			);
			path = NotificationsServiceExtension;
			sourceTree = "<group>";
		};
		BDB912282F87A5AB00513A89 /* NotificationsContentExtension */ = {
			isa = PBXFileSystemSynchronizedRootGroup;
			exceptions = (
				BDB912352F87A5AB00513A89 /* Exceptions for "NotificationsContentExtension" folder in "NotificationsContentExtension" target */,
			);
			path = NotificationsContentExtension;
			sourceTree = "<group>";
		};
/* End PBXFileSystemSynchronizedRootGroup section */

/* Begin PBXFrameworksBuildPhase section */
		BDB911F22F87A37100513A89 /* Frameworks */ = {
			isa = PBXFrameworksBuildPhase;
			buildActionMask = 2147483647;
			files = (
			);
			runOnlyForDeploymentPostprocessing = 0;
		};
		BDB9120E2F87A3E300513A89 /* Frameworks */ = {
			isa = PBXFrameworksBuildPhase;
			buildActionMask = 2147483647;
			files = (
			);
			runOnlyForDeploymentPostprocessing = 0;
		};
		BDB9121F2F87A5AB00513A89 /* Frameworks */ = {
			isa = PBXFrameworksBuildPhase;
			buildActionMask = 2147483647;
			files = (
				BDB912272F87A5AB00513A89 /* UserNotificationsUI.framework in Frameworks */,
				BDB912252F87A5AB00513A89 /* UserNotifications.framework in Frameworks */,
			);
			runOnlyForDeploymentPostprocessing = 0;
		};
/* End PBXFrameworksBuildPhase section */

/* Begin PBXGroup section */
		BDB911EC2F87A37100513A89 = {
			isa = PBXGroup;
			children = (
				BDB911F72F87A37100513A89 /* PushNotificationsSample */,
				BDB912122F87A3E300513A89 /* NotificationsServiceExtension */,
				BDB912282F87A5AB00513A89 /* NotificationsContentExtension */,
				BDB912232F87A5AB00513A89 /* Frameworks */,
				BDB911F62F87A37100513A89 /* Products */,
			);
			sourceTree = "<group>";
		};
		BDB911F62F87A37100513A89 /* Products */ = {
			isa = PBXGroup;
			children = (
				BDB911F52F87A37100513A89 /* PushNotificationsSample.app */,
				BDB912112F87A3E300513A89 /* NotificationsServiceExtension.appex */,
				BDB912222F87A5AB00513A89 /* NotificationsContentExtension.appex */,
			);
			name = Products;
			sourceTree = "<group>";
		};
		BDB912232F87A5AB00513A89 /* Frameworks */ = {
			isa = PBXGroup;
			children = (
				BDB912242F87A5AB00513A89 /* UserNotifications.framework */,
				BDB912262F87A5AB00513A89 /* UserNotificationsUI.framework */,
			);
			name = Frameworks;
			sourceTree = "<group>";
		};
/* End PBXGroup section */

/* Begin PBXNativeTarget section */
		BDB911F42F87A37100513A89 /* PushNotificationsSample */ = {
			isa = PBXNativeTarget;
			buildConfigurationList = BDB912082F87A37200513A89 /* Build configuration list for PBXNativeTarget "PushNotificationsSample" */;
			buildPhases = (
				BDB911F12F87A37100513A89 /* Sources */,
				BDB911F22F87A37100513A89 /* Frameworks */,
				BDB911F32F87A37100513A89 /* Resources */,
				BDB9121D2F87A3E300513A89 /* Embed Foundation Extensions */,
			);
			buildRules = (
			);
			dependencies = (
				BDB912172F87A3E300513A89 /* PBXTargetDependency */,
				BDB912302F87A5AB00513A89 /* PBXTargetDependency */,
			);
			fileSystemSynchronizedGroups = (
				BDB911F72F87A37100513A89 /* PushNotificationsSample */,
			);
			name = PushNotificationsSample;
			packageProductDependencies = (
			);
			productName = PushNotificationsSample;
			productReference = BDB911F52F87A37100513A89 /* PushNotificationsSample.app */;
			productType = "com.apple.product-type.application";
		};
		BDB912102F87A3E300513A89 /* NotificationsServiceExtension */ = {
			isa = PBXNativeTarget;
			buildConfigurationList = BDB912192F87A3E300513A89 /* Build configuration list for PBXNativeTarget "NotificationsServiceExtension" */;
			buildPhases = (
				BDB9120D2F87A3E300513A89 /* Sources */,
				BDB9120E2F87A3E300513A89 /* Frameworks */,
				BDB9120F2F87A3E300513A89 /* Resources */,
			);
			buildRules = (
			);
			dependencies = (
			);
			fileSystemSynchronizedGroups = (
				BDB912122F87A3E300513A89 /* NotificationsServiceExtension */,
			);
			name = NotificationsServiceExtension;
			packageProductDependencies = (
			);
			productName = NotificationsServiceExtension;
			productReference = BDB912112F87A3E300513A89 /* NotificationsServiceExtension.appex */;
			productType = "com.apple.product-type.app-extension";
		};
		BDB912212F87A5AB00513A89 /* NotificationsContentExtension */ = {
			isa = PBXNativeTarget;
			buildConfigurationList = BDB912322F87A5AB00513A89 /* Build configuration list for PBXNativeTarget "NotificationsContentExtension" */;
			buildPhases = (
				BDB9121E2F87A5AB00513A89 /* Sources */,
				BDB9121F2F87A5AB00513A89 /* Frameworks */,
				BDB912202F87A5AB00513A89 /* Resources */,
			);
			buildRules = (
			);
			dependencies = (
			);
			fileSystemSynchronizedGroups = (
				BDB912282F87A5AB00513A89 /* NotificationsContentExtension */,
			);
			name = NotificationsContentExtension;
			packageProductDependencies = (
			);
			productName = NotificationsContentExtension;
			productReference = BDB912222F87A5AB00513A89 /* NotificationsContentExtension.appex */;
			productType = "com.apple.product-type.app-extension";
		};
/* End PBXNativeTarget section */

/* Begin PBXProject section */
		BDB911ED2F87A37100513A89 /* Project object */ = {
			isa = PBXProject;
			attributes = {
				BuildIndependentTargetsInParallel = 1;
				LastSwiftUpdateCheck = 2620;
				LastUpgradeCheck = 2620;
				TargetAttributes = {
					BDB911F42F87A37100513A89 = {
						CreatedOnToolsVersion = 26.2;
					};
					BDB912102F87A3E300513A89 = {
						CreatedOnToolsVersion = 26.2;
					};
					BDB912212F87A5AB00513A89 = {
						CreatedOnToolsVersion = 26.2;
					};
				};
			};
			buildConfigurationList = BDB911F02F87A37100513A89 /* Build configuration list for PBXProject "PushNotificationsSample" */;
			developmentRegion = en;
			hasScannedForEncodings = 0;
			knownRegions = (
				en,
				Base,
			);
			mainGroup = BDB911EC2F87A37100513A89;
			minimizedProjectReferenceProxies = 1;
			preferredProjectObjectVersion = 77;
			productRefGroup = BDB911F62F87A37100513A89 /* Products */;
			projectDirPath = "";
			projectRoot = "";
			targets = (
				BDB911F42F87A37100513A89 /* PushNotificationsSample */,
				BDB912102F87A3E300513A89 /* NotificationsServiceExtension */,
				BDB912212F87A5AB00513A89 /* NotificationsContentExtension */,
			);
		};
/* End PBXProject section */

/* Begin PBXResourcesBuildPhase section */
		BDB911F32F87A37100513A89 /* Resources */ = {
			isa = PBXResourcesBuildPhase;
			buildActionMask = 2147483647;
			files = (
			);
			runOnlyForDeploymentPostprocessing = 0;
		};
		BDB9120F2F87A3E300513A89 /* Resources */ = {
			isa = PBXResourcesBuildPhase;
			buildActionMask = 2147483647;
			files = (
			);
			runOnlyForDeploymentPostprocessing = 0;
		};
		BDB912202F87A5AB00513A89 /* Resources */ = {
			isa = PBXResourcesBuildPhase;
			buildActionMask = 2147483647;
			files = (
			);
			runOnlyForDeploymentPostprocessing = 0;
		};
/* End PBXResourcesBuildPhase section */

/* Begin PBXSourcesBuildPhase section */
		BDB911F12F87A37100513A89 /* Sources */ = {
			isa = PBXSourcesBuildPhase;
			buildActionMask = 2147483647;
			files = (
			);
			runOnlyForDeploymentPostprocessing = 0;
		};
		BDB9120D2F87A3E300513A89 /* Sources */ = {
			isa = PBXSourcesBuildPhase;
			buildActionMask = 2147483647;
			files = (
			);
			runOnlyForDeploymentPostprocessing = 0;
		};
		BDB9121E2F87A5AB00513A89 /* Sources */ = {
			isa = PBXSourcesBuildPhase;
			buildActionMask = 2147483647;
			files = (
			);
			runOnlyForDeploymentPostprocessing = 0;
		};
/* End PBXSourcesBuildPhase section */

/* Begin PBXTargetDependency section */
		BDB912172F87A3E300513A89 /* PBXTargetDependency */ = {
			isa = PBXTargetDependency;
			target = BDB912102F87A3E300513A89 /* NotificationsServiceExtension */;
			targetProxy = BDB912162F87A3E300513A89 /* PBXContainerItemProxy */;
		};
		BDB912302F87A5AB00513A89 /* PBXTargetDependency */ = {
			isa = PBXTargetDependency;
			target = BDB912212F87A5AB00513A89 /* NotificationsContentExtension */;
			targetProxy = BDB9122F2F87A5AB00513A89 /* PBXContainerItemProxy */;
		};
/* End PBXTargetDependency section */

/* Begin XCBuildConfiguration section */
		BDB912092F87A37200513A89 /* Debug */ = {
			isa = XCBuildConfiguration;
			buildSettings = {
				ASSETCATALOG_COMPILER_APPICON_NAME = AppIcon;
				ASSETCATALOG_COMPILER_GLOBAL_ACCENT_COLOR_NAME = AccentColor;
				CODE_SIGN_ENTITLEMENTS = PushNotificationsSample/PushNotificationsSample.entitlements;
				CODE_SIGN_IDENTITY = "Apple Development";
				CODE_SIGN_STYLE = Automatic;
				CURRENT_PROJECT_VERSION = 1;
				DEVELOPMENT_TEAM = KR4RP4JXLV;
				GENERATE_INFOPLIST_FILE = YES;
				INFOPLIST_FILE = PushNotificationsSample/Info.plist;
				INFOPLIST_KEY_UIApplicationSupportsIndirectInputEvents = YES;
				INFOPLIST_KEY_UILaunchStoryboardName = LaunchScreen;
				INFOPLIST_KEY_UIMainStoryboardFile = Main;
				INFOPLIST_KEY_UISupportedInterfaceOrientations = UIInterfaceOrientationPortrait;
				INFOPLIST_KEY_UISupportedInterfaceOrientations_iPad = "UIInterfaceOrientationLandscapeLeft UIInterfaceOrientationLandscapeRight UIInterfaceOrientationPortrait UIInterfaceOrientationPortraitUpsideDown";
				IPHONEOS_DEPLOYMENT_TARGET = 16.0;
				LD_RUNPATH_SEARCH_PATHS = (
					"$(inherited)",
					"@executable_path/Frameworks",
				);
				MARKETING_VERSION = 1.0;
				PRODUCT_BUNDLE_IDENTIFIER = com.PushNotificationsSample;
				PRODUCT_NAME = "$(TARGET_NAME)";
				PROVISIONING_PROFILE_SPECIFIER = "";
				STRING_CATALOG_GENERATE_SYMBOLS = YES;
				SUPPORTED_PLATFORMS = "iphoneos iphonesimulator";
				SUPPORTS_MACCATALYST = NO;
				SUPPORTS_MAC_DESIGNED_FOR_IPHONE_IPAD = NO;
				SUPPORTS_XR_DESIGNED_FOR_IPHONE_IPAD = NO;
				SWIFT_APPROACHABLE_CONCURRENCY = YES;
				SWIFT_DEFAULT_ACTOR_ISOLATION = MainActor;
				SWIFT_EMIT_LOC_STRINGS = YES;
				SWIFT_UPCOMING_FEATURE_MEMBER_IMPORT_VISIBILITY = YES;
				SWIFT_VERSION = 5.0;
				TARGETED_DEVICE_FAMILY = 1;
			};
			name = Debug;
		};
		BDB9120A2F87A37200513A89 /* Release */ = {
			isa = XCBuildConfiguration;
			buildSettings = {
				ASSETCATALOG_COMPILER_APPICON_NAME = AppIcon;
				ASSETCATALOG_COMPILER_GLOBAL_ACCENT_COLOR_NAME = AccentColor;
				CODE_SIGN_ENTITLEMENTS = PushNotificationsSample/PushNotificationsSample.entitlements;
				CODE_SIGN_IDENTITY = "Apple Development";
				CODE_SIGN_STYLE = Automatic;
				CURRENT_PROJECT_VERSION = 1;
				DEVELOPMENT_TEAM = KR4RP4JXLV;
				GENERATE_INFOPLIST_FILE = YES;
				INFOPLIST_FILE = PushNotificationsSample/Info.plist;
				INFOPLIST_KEY_UIApplicationSupportsIndirectInputEvents = YES;
				INFOPLIST_KEY_UILaunchStoryboardName = LaunchScreen;
				INFOPLIST_KEY_UIMainStoryboardFile = Main;
				INFOPLIST_KEY_UISupportedInterfaceOrientations = UIInterfaceOrientationPortrait;
				INFOPLIST_KEY_UISupportedInterfaceOrientations_iPad = "UIInterfaceOrientationLandscapeLeft UIInterfaceOrientationLandscapeRight UIInterfaceOrientationPortrait UIInterfaceOrientationPortraitUpsideDown";
				IPHONEOS_DEPLOYMENT_TARGET = 16.0;
				LD_RUNPATH_SEARCH_PATHS = (
					"$(inherited)",
					"@executable_path/Frameworks",
				);
				MARKETING_VERSION = 1.0;
				PRODUCT_BUNDLE_IDENTIFIER = com.PushNotificationsSample;
				PRODUCT_NAME = "$(TARGET_NAME)";
				PROVISIONING_PROFILE_SPECIFIER = "";
				STRING_CATALOG_GENERATE_SYMBOLS = YES;
				SUPPORTED_PLATFORMS = "iphoneos iphonesimulator";
				SUPPORTS_MACCATALYST = NO;
				SUPPORTS_MAC_DESIGNED_FOR_IPHONE_IPAD = NO;
				SUPPORTS_XR_DESIGNED_FOR_IPHONE_IPAD = NO;
				SWIFT_APPROACHABLE_CONCURRENCY = YES;
				SWIFT_DEFAULT_ACTOR_ISOLATION = MainActor;
				SWIFT_EMIT_LOC_STRINGS = YES;
				SWIFT_UPCOMING_FEATURE_MEMBER_IMPORT_VISIBILITY = YES;
				SWIFT_VERSION = 5.0;
				TARGETED_DEVICE_FAMILY = 1;
			};
			name = Release;
		};
		BDB9120B2F87A37200513A89 /* Debug */ = {
			isa = XCBuildConfiguration;
			buildSettings = {
				ALWAYS_SEARCH_USER_PATHS = NO;
				ASSETCATALOG_COMPILER_GENERATE_SWIFT_ASSET_SYMBOL_EXTENSIONS = YES;
				CLANG_ANALYZER_NONNULL = YES;
				CLANG_ANALYZER_NUMBER_OBJECT_CONVERSION = YES_AGGRESSIVE;
				CLANG_CXX_LANGUAGE_STANDARD = "gnu++20";
				CLANG_ENABLE_MODULES = YES;
				CLANG_ENABLE_OBJC_ARC = YES;
				CLANG_ENABLE_OBJC_WEAK = YES;
				CLANG_WARN_BLOCK_CAPTURE_AUTORELEASING = YES;
				CLANG_WARN_BOOL_CONVERSION = YES;
				CLANG_WARN_COMMA = YES;
				CLANG_WARN_CONSTANT_CONVERSION = YES;
				CLANG_WARN_DEPRECATED_OBJC_IMPLEMENTATIONS = YES;
				CLANG_WARN_DIRECT_OBJC_ISA_USAGE = YES_ERROR;
				CLANG_WARN_DOCUMENTATION_COMMENTS = YES;
				CLANG_WARN_EMPTY_BODY = YES;
				CLANG_WARN_ENUM_CONVERSION = YES;
				CLANG_WARN_INFINITE_RECURSION = YES;
				CLANG_WARN_INT_CONVERSION = YES;
				CLANG_WARN_NON_LITERAL_NULL_CONVERSION = YES;
				CLANG_WARN_OBJC_IMPLICIT_RETAIN_SELF = YES;
				CLANG_WARN_OBJC_LITERAL_CONVERSION = YES;
				CLANG_WARN_OBJC_ROOT_CLASS = YES_ERROR;
				CLANG_WARN_QUOTED_INCLUDE_IN_FRAMEWORK_HEADER = YES;
				CLANG_WARN_RANGE_LOOP_ANALYSIS = YES;
				CLANG_WARN_STRICT_PROTOTYPES = YES;
				CLANG_WARN_SUSPICIOUS_MOVE = YES;
				CLANG_WARN_UNGUARDED_AVAILABILITY = YES_AGGRESSIVE;
				CLANG_WARN_UNREACHABLE_CODE = YES;
				CLANG_WARN__DUPLICATE_METHOD_MATCH = YES;
				COPY_PHASE_STRIP = NO;
				DEBUG_INFORMATION_FORMAT = dwarf;
				DEVELOPMENT_TEAM = KR4RP4JXLV;
				ENABLE_STRICT_OBJC_MSGSEND = YES;
				ENABLE_TESTABILITY = YES;
				ENABLE_USER_SCRIPT_SANDBOXING = YES;
				GCC_C_LANGUAGE_STANDARD = gnu17;
				GCC_DYNAMIC_NO_PIC = NO;
				GCC_NO_COMMON_BLOCKS = YES;
				GCC_OPTIMIZATION_LEVEL = 0;
				GCC_PREPROCESSOR_DEFINITIONS = (
					"DEBUG=1",
					"$(inherited)",
				);
				GCC_WARN_64_TO_32_BIT_CONVERSION = YES;
				GCC_WARN_ABOUT_RETURN_TYPE = YES_ERROR;
				GCC_WARN_UNDECLARED_SELECTOR = YES;
				GCC_WARN_UNINITIALIZED_AUTOS = YES_AGGRESSIVE;
				GCC_WARN_UNUSED_FUNCTION = YES;
				GCC_WARN_UNUSED_VARIABLE = YES;
				IPHONEOS_DEPLOYMENT_TARGET = 26.2;
				LOCALIZATION_PREFERS_STRING_CATALOGS = YES;
				MTL_ENABLE_DEBUG_INFO = INCLUDE_SOURCE;
				MTL_FAST_MATH = YES;
				ONLY_ACTIVE_ARCH = YES;
				SDKROOT = iphoneos;
				SWIFT_ACTIVE_COMPILATION_CONDITIONS = "DEBUG $(inherited)";
				SWIFT_OPTIMIZATION_LEVEL = "-Onone";
			};
			name = Debug;
		};
		BDB9120C2F87A37200513A89 /* Release */ = {
			isa = XCBuildConfiguration;
			buildSettings = {
				ALWAYS_SEARCH_USER_PATHS = NO;
				ASSETCATALOG_COMPILER_GENERATE_SWIFT_ASSET_SYMBOL_EXTENSIONS = YES;
				CLANG_ANALYZER_NONNULL = YES;
				CLANG_ANALYZER_NUMBER_OBJECT_CONVERSION = YES_AGGRESSIVE;
				CLANG_CXX_LANGUAGE_STANDARD = "gnu++20";
				CLANG_ENABLE_MODULES = YES;
				CLANG_ENABLE_OBJC_ARC = YES;
				CLANG_ENABLE_OBJC_WEAK = YES;
				CLANG_WARN_BLOCK_CAPTURE_AUTORELEASING = YES;
				CLANG_WARN_BOOL_CONVERSION = YES;
				CLANG_WARN_COMMA = YES;
				CLANG_WARN_CONSTANT_CONVERSION = YES;
				CLANG_WARN_DEPRECATED_OBJC_IMPLEMENTATIONS = YES;
				CLANG_WARN_DIRECT_OBJC_ISA_USAGE = YES_ERROR;
				CLANG_WARN_DOCUMENTATION_COMMENTS = YES;
				CLANG_WARN_EMPTY_BODY = YES;
				CLANG_WARN_ENUM_CONVERSION = YES;
				CLANG_WARN_INFINITE_RECURSION = YES;
				CLANG_WARN_INT_CONVERSION = YES;
				CLANG_WARN_NON_LITERAL_NULL_CONVERSION = YES;
				CLANG_WARN_OBJC_IMPLICIT_RETAIN_SELF = YES;
				CLANG_WARN_OBJC_LITERAL_CONVERSION = YES;
				CLANG_WARN_OBJC_ROOT_CLASS = YES_ERROR;
				CLANG_WARN_QUOTED_INCLUDE_IN_FRAMEWORK_HEADER = YES;
				CLANG_WARN_RANGE_LOOP_ANALYSIS = YES;
				CLANG_WARN_STRICT_PROTOTYPES = YES;
				CLANG_WARN_SUSPICIOUS_MOVE = YES;
				CLANG_WARN_UNGUARDED_AVAILABILITY = YES_AGGRESSIVE;
				CLANG_WARN_UNREACHABLE_CODE = YES;
				CLANG_WARN__DUPLICATE_METHOD_MATCH = YES;
				COPY_PHASE_STRIP = NO;
				DEBUG_INFORMATION_FORMAT = "dwarf-with-dsym";
				DEVELOPMENT_TEAM = KR4RP4JXLV;
				ENABLE_NS_ASSERTIONS = NO;
				ENABLE_STRICT_OBJC_MSGSEND = YES;
				ENABLE_USER_SCRIPT_SANDBOXING = YES;
				GCC_C_LANGUAGE_STANDARD = gnu17;
				GCC_NO_COMMON_BLOCKS = YES;
				GCC_WARN_64_TO_32_BIT_CONVERSION = YES;
				GCC_WARN_ABOUT_RETURN_TYPE = YES_ERROR;
				GCC_WARN_UNDECLARED_SELECTOR = YES;
				GCC_WARN_UNINITIALIZED_AUTOS = YES_AGGRESSIVE;
				GCC_WARN_UNUSED_FUNCTION = YES;
				GCC_WARN_UNUSED_VARIABLE = YES;
				IPHONEOS_DEPLOYMENT_TARGET = 26.2;
				LOCALIZATION_PREFERS_STRING_CATALOGS = YES;
				MTL_ENABLE_DEBUG_INFO = NO;
				MTL_FAST_MATH = YES;
				SDKROOT = iphoneos;
				SWIFT_COMPILATION_MODE = wholemodule;
				VALIDATE_PRODUCT = YES;
			};
			name = Release;
		};
		BDB9121A2F87A3E300513A89 /* Debug */ = {
			isa = XCBuildConfiguration;
			buildSettings = {
				CODE_SIGN_ENTITLEMENTS = NotificationsServiceExtension/NotificationsServiceExtension.entitlements;
				CODE_SIGN_STYLE = Automatic;
				CURRENT_PROJECT_VERSION = 1;
				DEVELOPMENT_TEAM = KR4RP4JXLV;
				GENERATE_INFOPLIST_FILE = YES;
				INFOPLIST_FILE = NotificationsServiceExtension/Info.plist;
				INFOPLIST_KEY_CFBundleDisplayName = NotificationsServiceExtension;
				INFOPLIST_KEY_NSHumanReadableCopyright = "";
				IPHONEOS_DEPLOYMENT_TARGET = 16.0;
				LD_RUNPATH_SEARCH_PATHS = (
					"$(inherited)",
					"@executable_path/Frameworks",
					"@executable_path/../../Frameworks",
				);
				MARKETING_VERSION = 1.0;
				PRODUCT_BUNDLE_IDENTIFIER = com.PushNotificationsSample.NotificationsServiceExtension;
				PRODUCT_NAME = "$(TARGET_NAME)";
				SKIP_INSTALL = YES;
				STRING_CATALOG_GENERATE_SYMBOLS = YES;
				SUPPORTED_PLATFORMS = "iphoneos iphonesimulator";
				SUPPORTS_MACCATALYST = NO;
				SUPPORTS_MAC_DESIGNED_FOR_IPHONE_IPAD = NO;
				SUPPORTS_XR_DESIGNED_FOR_IPHONE_IPAD = NO;
				SWIFT_APPROACHABLE_CONCURRENCY = YES;
				SWIFT_EMIT_LOC_STRINGS = YES;
				SWIFT_UPCOMING_FEATURE_MEMBER_IMPORT_VISIBILITY = YES;
				SWIFT_VERSION = 5.0;
				TARGETED_DEVICE_FAMILY = 1;
			};
			name = Debug;
		};
		BDB9121B2F87A3E300513A89 /* Release */ = {
			isa = XCBuildConfiguration;
			buildSettings = {
				CODE_SIGN_ENTITLEMENTS = NotificationsServiceExtension/NotificationsServiceExtension.entitlements;
				CODE_SIGN_STYLE = Automatic;
				CURRENT_PROJECT_VERSION = 1;
				DEVELOPMENT_TEAM = KR4RP4JXLV;
				GENERATE_INFOPLIST_FILE = YES;
				INFOPLIST_FILE = NotificationsServiceExtension/Info.plist;
				INFOPLIST_KEY_CFBundleDisplayName = NotificationsServiceExtension;
				INFOPLIST_KEY_NSHumanReadableCopyright = "";
				IPHONEOS_DEPLOYMENT_TARGET = 16.0;
				LD_RUNPATH_SEARCH_PATHS = (
					"$(inherited)",
					"@executable_path/Frameworks",
					"@executable_path/../../Frameworks",
				);
				MARKETING_VERSION = 1.0;
				PRODUCT_BUNDLE_IDENTIFIER = com.PushNotificationsSample.NotificationsServiceExtension;
				PRODUCT_NAME = "$(TARGET_NAME)";
				SKIP_INSTALL = YES;
				STRING_CATALOG_GENERATE_SYMBOLS = YES;
				SUPPORTED_PLATFORMS = "iphoneos iphonesimulator";
				SUPPORTS_MACCATALYST = NO;
				SUPPORTS_MAC_DESIGNED_FOR_IPHONE_IPAD = NO;
				SUPPORTS_XR_DESIGNED_FOR_IPHONE_IPAD = NO;
				SWIFT_APPROACHABLE_CONCURRENCY = YES;
				SWIFT_EMIT_LOC_STRINGS = YES;
				SWIFT_UPCOMING_FEATURE_MEMBER_IMPORT_VISIBILITY = YES;
				SWIFT_VERSION = 5.0;
				TARGETED_DEVICE_FAMILY = 1;
			};
			name = Release;
		};
		BDB912332F87A5AB00513A89 /* Debug */ = {
			isa = XCBuildConfiguration;
			buildSettings = {
				CODE_SIGN_ENTITLEMENTS = NotificationsContentExtension/NotificationsContentExtension.entitlements;
				CODE_SIGN_STYLE = Automatic;
				CURRENT_PROJECT_VERSION = 1;
				DEVELOPMENT_TEAM = KR4RP4JXLV;
				GENERATE_INFOPLIST_FILE = YES;
				INFOPLIST_FILE = NotificationsContentExtension/Info.plist;
				INFOPLIST_KEY_CFBundleDisplayName = NotificationsContentExtension;
				INFOPLIST_KEY_NSHumanReadableCopyright = "";
				IPHONEOS_DEPLOYMENT_TARGET = 16.0;
				LD_RUNPATH_SEARCH_PATHS = (
					"$(inherited)",
					"@executable_path/Frameworks",
					"@executable_path/../../Frameworks",
				);
				MARKETING_VERSION = 1.0;
				PRODUCT_BUNDLE_IDENTIFIER = com.PushNotificationsSample.NotificationsContentExtension;
				PRODUCT_NAME = "$(TARGET_NAME)";
				SKIP_INSTALL = YES;
				STRING_CATALOG_GENERATE_SYMBOLS = YES;
				SUPPORTED_PLATFORMS = "iphoneos iphonesimulator";
				SUPPORTS_MACCATALYST = NO;
				SUPPORTS_MAC_DESIGNED_FOR_IPHONE_IPAD = NO;
				SUPPORTS_XR_DESIGNED_FOR_IPHONE_IPAD = NO;
				SWIFT_APPROACHABLE_CONCURRENCY = YES;
				SWIFT_EMIT_LOC_STRINGS = YES;
				SWIFT_UPCOMING_FEATURE_MEMBER_IMPORT_VISIBILITY = YES;
				SWIFT_VERSION = 5.0;
				TARGETED_DEVICE_FAMILY = 1;
			};
			name = Debug;
		};
		BDB912342F87A5AB00513A89 /* Release */ = {
			isa = XCBuildConfiguration;
			buildSettings = {
				CODE_SIGN_ENTITLEMENTS = NotificationsContentExtension/NotificationsContentExtension.entitlements;
				CODE_SIGN_STYLE = Automatic;
				CURRENT_PROJECT_VERSION = 1;
				DEVELOPMENT_TEAM = KR4RP4JXLV;
				GENERATE_INFOPLIST_FILE = YES;
				INFOPLIST_FILE = NotificationsContentExtension/Info.plist;
				INFOPLIST_KEY_CFBundleDisplayName = NotificationsContentExtension;
				INFOPLIST_KEY_NSHumanReadableCopyright = "";
				IPHONEOS_DEPLOYMENT_TARGET = 16.0;
				LD_RUNPATH_SEARCH_PATHS = (
					"$(inherited)",
					"@executable_path/Frameworks",
					"@executable_path/../../Frameworks",
				);
				MARKETING_VERSION = 1.0;
				PRODUCT_BUNDLE_IDENTIFIER = com.PushNotificationsSample.NotificationsContentExtension;
				PRODUCT_NAME = "$(TARGET_NAME)";
				SKIP_INSTALL = YES;
				STRING_CATALOG_GENERATE_SYMBOLS = YES;
				SUPPORTED_PLATFORMS = "iphoneos iphonesimulator";
				SUPPORTS_MACCATALYST = NO;
				SUPPORTS_MAC_DESIGNED_FOR_IPHONE_IPAD = NO;
				SUPPORTS_XR_DESIGNED_FOR_IPHONE_IPAD = NO;
				SWIFT_APPROACHABLE_CONCURRENCY = YES;
				SWIFT_EMIT_LOC_STRINGS = YES;
				SWIFT_UPCOMING_FEATURE_MEMBER_IMPORT_VISIBILITY = YES;
				SWIFT_VERSION = 5.0;
				TARGETED_DEVICE_FAMILY = 1;
			};
			name = Release;
		};
/* End XCBuildConfiguration section */

/* Begin XCConfigurationList section */
		BDB911F02F87A37100513A89 /* Build configuration list for PBXProject "PushNotificationsSample" */ = {
			isa = XCConfigurationList;
			buildConfigurations = (
				BDB9120B2F87A37200513A89 /* Debug */,
				BDB9120C2F87A37200513A89 /* Release */,
			);
			defaultConfigurationIsVisible = 0;
			defaultConfigurationName = Release;
		};
		BDB912082F87A37200513A89 /* Build configuration list for PBXNativeTarget "PushNotificationsSample" */ = {
			isa = XCConfigurationList;
			buildConfigurations = (
				BDB912092F87A37200513A89 /* Debug */,
				BDB9120A2F87A37200513A89 /* Release */,
			);
			defaultConfigurationIsVisible = 0;
			defaultConfigurationName = Release;
		};
		BDB912192F87A3E300513A89 /* Build configuration list for PBXNativeTarget "NotificationsServiceExtension" */ = {
			isa = XCConfigurationList;
			buildConfigurations = (
				BDB9121A2F87A3E300513A89 /* Debug */,
				BDB9121B2F87A3E300513A89 /* Release */,
			);
			defaultConfigurationIsVisible = 0;
			defaultConfigurationName = Release;
		};
		BDB912322F87A5AB00513A89 /* Build configuration list for PBXNativeTarget "NotificationsContentExtension" */ = {
			isa = XCConfigurationList;
			buildConfigurations = (
				BDB912332F87A5AB00513A89 /* Debug */,
				BDB912342F87A5AB00513A89 /* Release */,
			);
			defaultConfigurationIsVisible = 0;
			defaultConfigurationName = Release;
		};
/* End XCConfigurationList section */
	};
	rootObject = BDB911ED2F87A37100513A89 /* Project object */;
}
